
Microsoft Visual Studio Solution File, Format Version 12.00
# Visual Studio Version 16
VisualStudioVersion = 16.0.30011.22
MinimumVisualStudioVersion = 10.0.40219.1
Project("{E53339B2-1760-4266-BCC7-CA923CBCF16C}") = "docker-compose", "docker-compose.dcproj", "{891DADD1-1E08-4A0F-859F-CB54B37BE850}"
EndProject
Project("{2150E333-8FDC-42A3-9474-1A3956D46DE8}") = "Services", "Services", "{93F5489A-7C33-45AD-9197-BDCB1A2CD9B0}"
EndProject
Project("{2150E333-8FDC-42A3-9474-1A3956D46DE8}") = "Test", "Test", "{41577B56-3321-4CDB-ABDF-6C791A74E55B}"
EndProject
Project("{2150E333-8FDC-42A3-9474-1A3956D46DE8}") = "Client", "Client", "{491F72FA-F17C-42C7-A387-552BCB85A93E}"
EndProject
Project("{2150E333-8FDC-42A3-9474-1A3956D46DE8}") = "Demographics Service", "Demographics Service", "{453E24AF-3F4E-4835-AFF3-D1481ED8BB3C}"
EndProject
Project("{2150E333-8FDC-42A3-9474-1A3956D46DE8}") = "History Service", "History Service", "{39B6658B-C342-4BD2-A3DB-CE3093E06CB6}"
EndProject
Project("{9A19103F-16F7-4668-BE54-9A1E7A4F7556}") = "Abarnathy.AssessmentService", "Services\Abarnathy.AssessmentService\src\Abarnathy.AssessmentService.csproj", "{45B83D6E-1DF3-4B9E-9147-D9661D41AF9E}"
EndProject
Project("{9A19103F-16F7-4668-BE54-9A1E7A4F7556}") = "Abarnathy.DemographicsService", "Services\Abarnathy.DemographicsService\src\Abarnathy.DemographicsService.csproj", "{73FE9DC5-81E9-43E3-87F3-A1DAB2513E09}"
EndProject
Project("{9A19103F-16F7-4668-BE54-9A1E7A4F7556}") = "Abarnathy.HistoryService", "Services\Abarnathy.HistoryService\src\Abarnathy.HistoryService.csproj", "{0A2B2748-D0BB-42A8-B487-5B60298D2079}"
EndProject
Project("{9A19103F-16F7-4668-BE54-9A1E7A4F7556}") = "Abarnathy.HistoryService.Test.Unit", "Services\Abarnathy.HistoryService\Test\Abarnathy.HistoryService.Test.Unit\Abarnathy.HistoryService.Test.Unit.csproj", "{528453D3-9177-4399-9C42-5CA1708928A7}"
EndProject
Project("{9A19103F-16F7-4668-BE54-9A1E7A4F7556}") = "Abarnathy.DemographicsService.Test.Unit", "Services\Abarnathy.DemographicsService\Test\Abarnathy.DemographicsService.Test.Unit\Abarnathy.DemographicsService.Test.Unit.csproj", "{F9DD39CF-AE2F-4B63-A643-4C4D6C4E7A3C}"
EndProject
Project("{9A19103F-16F7-4668-BE54-9A1E7A4F7556}") = "Abarnathy.BlazorClient.Server", "Client\Abarnathy.BlazorClient\Server\Abarnathy.BlazorClient.Server.csproj", "{2A369DF2-A4A8-41A0-97CB-37AB6D96F7CA}"
EndProject
Project("{9A19103F-16F7-4668-BE54-9A1E7A4F7556}") = "Abarnathy.BlazorClient.Client", "Client\Abarnathy.BlazorClient\Client\Abarnathy.BlazorClient.Client.csproj", "{649FA99F-AD89-4116-982C-88E0887B77E4}"
EndProject
Project("{2150E333-8FDC-42A3-9474-1A3956D46DE8}") = "Assessment Service", "Assessment Service", "{BCBA17FA-3783-4496-B2F2-223DAC622EEF}"
EndProject
Project("{9A19103F-16F7-4668-BE54-9A1E7A4F7556}") = "Abarnathy.AssessmentService.Test.Unit", "Services\Abarnathy.AssessmentService\Test\Abarnathy.AssessmentService.Test.Unit\Abarnathy.AssessmentService.Test.Unit.csproj", "{B6F25C06-E7D3-4B79-AF78-C0D9B385473A}"
EndProject
Global
	GlobalSection(SolutionConfigurationPlatforms) = preSolution
		Debug|Any CPU = Debug|Any CPU
		Release|Any CPU = Release|Any CPU
	EndGlobalSection
	GlobalSection(ProjectConfigurationPlatforms) = postSolution
		{891DADD1-1E08-4A0F-859F-CB54B37BE850}.Debug|Any CPU.ActiveCfg = Debug|Any CPU
		{891DADD1-1E08-4A0F-859F-CB54B37BE850}.Release|Any CPU.ActiveCfg = Release|Any CPU
		{891DADD1-1E08-4A0F-859F-CB54B37BE850}.Release|Any CPU.Build.0 = Release|Any CPU
		{45B83D6E-1DF3-4B9E-9147-D9661D41AF9E}.Debug|Any CPU.ActiveCfg = Debug|Any CPU
		{45B83D6E-1DF3-4B9E-9147-D9661D41AF9E}.Debug|Any CPU.Build.0 = Debug|Any CPU
		{45B83D6E-1DF3-4B9E-9147-D9661D41AF9E}.Release|Any CPU.ActiveCfg = Release|Any CPU
		{45B83D6E-1DF3-4B9E-9147-D9661D41AF9E}.Release|Any CPU.Build.0 = Release|Any CPU
		{73FE9DC5-81E9-43E3-87F3-A1DAB2513E09}.Debug|Any CPU.ActiveCfg = Debug|Any CPU
		{73FE9DC5-81E9-43E3-87F3-A1DAB2513E09}.Debug|Any CPU.Build.0 = Debug|Any CPU
		{73FE9DC5-81E9-43E3-87F3-A1DAB2513E09}.Release|Any CPU.ActiveCfg = Release|Any CPU
		{73FE9DC5-81E9-43E3-87F3-A1DAB2513E09}.Release|Any CPU.Build.0 = Release|Any CPU
		{0A2B2748-D0BB-42A8-B487-5B60298D2079}.Debug|Any CPU.ActiveCfg = Debug|Any CPU
		{0A2B2748-D0BB-42A8-B487-5B60298D2079}.Debug|Any CPU.Build.0 = Debug|Any CPU
		{0A2B2748-D0BB-42A8-B487-5B60298D2079}.Release|Any CPU.ActiveCfg = Release|Any CPU
		{0A2B2748-D0BB-42A8-B487-5B60298D2079}.Release|Any CPU.Build.0 = Release|Any CPU
		{528453D3-9177-4399-9C42-5CA1708928A7}.Debug|Any CPU.ActiveCfg = Debug|Any CPU
		{528453D3-9177-4399-9C42-5CA1708928A7}.Debug|Any CPU.Build.0 = Debug|Any CPU
		{528453D3-9177-4399-9C42-5CA1708928A7}.Release|Any CPU.ActiveCfg = Release|Any CPU
		{528453D3-9177-4399-9C42-5CA1708928A7}.Release|Any CPU.Build.0 = Release|Any CPU
		{F9DD39CF-AE2F-4B63-A643-4C4D6C4E7A3C}.Debug|Any CPU.ActiveCfg = Debug|Any CPU
		{F9DD39CF-AE2F-4B63-A643-4C4D6C4E7A3C}.Debug|Any CPU.Build.0 = Debug|Any CPU
		{F9DD39CF-AE2F-4B63-A643-4C4D6C4E7A3C}.Release|Any CPU.ActiveCfg = Release|Any CPU
		{F9DD39CF-AE2F-4B63-A643-4C4D6C4E7A3C}.Release|Any CPU.Build.0 = Release|Any CPU
		{2A369DF2-A4A8-41A0-97CB-37AB6D96F7CA}.Debug|Any CPU.ActiveCfg = Debug|Any CPU
		{2A369DF2-A4A8-41A0-97CB-37AB6D96F7CA}.Debug|Any CPU.Build.0 = Debug|Any CPU
		{2A369DF2-A4A8-41A0-97CB-37AB6D96F7CA}.Release|Any CPU.ActiveCfg = Release|Any CPU
		{2A369DF2-A4A8-41A0-97CB-37AB6D96F7CA}.Release|Any CPU.Build.0 = Release|Any CPU
		{649FA99F-AD89-4116-982C-88E0887B77E4}.Debug|Any CPU.ActiveCfg = Debug|Any CPU
		{649FA99F-AD89-4116-982C-88E0887B77E4}.Debug|Any CPU.Build.0 = Debug|Any CPU
		{649FA99F-AD89-4116-982C-88E0887B77E4}.Release|Any CPU.ActiveCfg = Release|Any CPU
		{649FA99F-AD89-4116-982C-88E0887B77E4}.Release|Any CPU.Build.0 = Release|Any CPU
		{B6F25C06-E7D3-4B79-AF78-C0D9B385473A}.Debug|Any CPU.ActiveCfg = Debug|Any CPU
		{B6F25C06-E7D3-4B79-AF78-C0D9B385473A}.Debug|Any CPU.Build.0 = Debug|Any CPU
		{B6F25C06-E7D3-4B79-AF78-C0D9B385473A}.Release|Any CPU.ActiveCfg = Release|Any CPU
		{B6F25C06-E7D3-4B79-AF78-C0D9B385473A}.Release|Any CPU.Build.0 = Release|Any CPU
	EndGlobalSection
	GlobalSection(SolutionProperties) = preSolution
		HideSolutionNode = FALSE
	EndGlobalSection
	GlobalSection(NestedProjects) = preSolution
		{453E24AF-3F4E-4835-AFF3-D1481ED8BB3C} = {41577B56-3321-4CDB-ABDF-6C791A74E55B}
		{39B6658B-C342-4BD2-A3DB-CE3093E06CB6} = {41577B56-3321-4CDB-ABDF-6C791A74E55B}
		{45B83D6E-1DF3-4B9E-9147-D9661D41AF9E} = {93F5489A-7C33-45AD-9197-BDCB1A2CD9B0}
		{73FE9DC5-81E9-43E3-87F3-A1DAB2513E09} = {93F5489A-7C33-45AD-9197-BDCB1A2CD9B0}
		{0A2B2748-D0BB-42A8-B487-5B60298D2079} = {93F5489A-7C33-45AD-9197-BDCB1A2CD9B0}
		{528453D3-9177-4399-9C42-5CA1708928A7} = {39B6658B-C342-4BD2-A3DB-CE3093E06CB6}
		{F9DD39CF-AE2F-4B63-A643-4C4D6C4E7A3C} = {453E24AF-3F4E-4835-AFF3-D1481ED8BB3C}
		{2A369DF2-A4A8-41A0-97CB-37AB6D96F7CA} = {491F72FA-F17C-42C7-A387-552BCB85A93E}
		{649FA99F-AD89-4116-982C-88E0887B77E4} = {491F72FA-F17C-42C7-A387-552BCB85A93E}
		{BCBA17FA-3783-4496-B2F2-223DAC622EEF} = {41577B56-3321-4CDB-ABDF-6C791A74E55B}
		{B6F25C06-E7D3-4B79-AF78-C0D9B385473A} = {BCBA17FA-3783-4496-B2F2-223DAC622EEF}
	EndGlobalSection
	GlobalSection(ExtensibilityGlobals) = postSolution
		SolutionGuid = {835E535C-1F98-48D8-81F3-8304DEEDEA64}
	EndGlobalSection
EndGlobal
